<?xml version="1.0" encoding="utf-8"?>
<Project ToolsVersion="4.0" xmlns="http://schemas.microsoft.com/developer/msbuild/2003">
  <ItemGroup>
    <Filter Include="Source Files">
      <UniqueIdentifier>{4FC737F1-C7A5-4376-A066-2A32D752A2FF}</UniqueIdentifier>
      <Extensions>cpp;c;cc;cxx;c++;cppm;ixx;def;odl;idl;hpj;bat;asm;asmx</Extensions>
    </Filter>
    <Filter Include="Header Files">
      <UniqueIdentifier>{93995380-89BD-4b04-88EB-625FBE52EBFB}</UniqueIdentifier>
      <Extensions>h;hh;hpp;hxx;h++;hm;inl;inc;ipp;xsd</Extensions>
    </Filter>
    <Filter Include="Resource Files">
      <UniqueIdentifier>{67DA6AB6-F800-4c08-8B7A-83BB121AAD01}</UniqueIdentifier>
      <Extensions>rc;ico;cur;bmp;dlg;rc2;rct;bin;rgs;gif;jpg;jpeg;jpe;resx;tiff;tif;png;wav;mfcribbon-ms</Extensions>
    </Filter>
  </ItemGroup>
  <ItemGroup>
    <ClCompile Include="..\CodeLocation.cpp">
      <Filter>Source Files</Filter>
    </ClCompile>
    <ClCompile Include="..\c_function.cpp">
      <Filter>Source Files</Filter>
    </ClCompile>
    <ClCompile Include="..\GrepBucket.cpp">
      <Filter>Source Files</Filter>
    </ClCompile>
    <ClCompile Include="..\main.cpp">
      <Filter>Source Files</Filter>
    </ClCompile>
    <ClCompile Include="..\SimpleLogger.cpp">
      <Filter>Source Files</Filter>
    </ClCompile>
    <ClCompile Include="..\GrepBatch.cpp">
      <Filter>Source Files</Filter>
    </ClCompile>
    <ClCompile Include="..\GrepIndexer.cpp">
      <Filter>Source Files</Filter>
    </ClCompile>
    <ClCompile Include="..\GrepServer.cpp">
      <Filter>Source Files</Filter>
    </ClCompile>
    <ClCompile Include="..\string_util.cpp">
      <Filter>Source Files</Filter>
    </ClCompile>
    <ClCompile Include="..\time_util.cpp">
      <Filter>Source Files</Filter>
    </ClCompile>
    <ClCompile Include="..\hash_util.cpp">
      <Filter>Source Files</Filter>
    </ClCompile>
    <ClCompile Include="..\fs_util.cpp">
      <Filter>Source Files</Filter>
    </ClCompile>
    <ClCompile Include="..\env_util.cpp">
      <Filter>Source Files</Filter>
    </ClCompile>
    <ClCompile Include="..\regex_util.cpp">
      <Filter>Source Files</Filter>
    </ClCompile>
  </ItemGroup>
  <ItemGroup>
    <ClInclude Include="..\env_util.h">
      <Filter>Header Files</Filter>
    </ClInclude>
    <ClInclude Include="..\fs_util.h">
      <Filter>Header Files</Filter>
    </ClInclude>
    <ClInclude Include="..\GrepBatch.h">
      <Filter>Header Files</Filter>
    </ClInclude>
    <ClInclude Include="..\GrepBucket.h">
      <Filter>Header Files</Filter>
    </ClInclude>
    <ClInclude Include="..\GrepIndexer.h">
      <Filter>Header Files</Filter>
    </ClInclude>
    <ClInclude Include="..\GrepServer.h">
      <Filter>Header Files</Filter>
    </ClInclude>
    <ClInclude Include="..\GrepTest.h">
      <Filter>Header Files</Filter>
    </ClInclude>
    <ClInclude Include="..\hash_util.h">
      <Filter>Header Files</Filter>
    </ClInclude>
    <ClInclude Include="..\macro.h">
      <Filter>Header Files</Filter>
    </ClInclude>
    <ClInclude Include="..\regex_util.h">
      <Filter>Header Files</Filter>
    </ClInclude>
    <ClInclude Include="..\searchtool.h">
      <Filter>Header Files</Filter>
    </ClInclude>
    <ClInclude Include="..\SimpleLogger.h">
      <Filter>Header Files</Filter>
    </ClInclude>
    <ClInclude Include="..\string_util.h">
      <Filter>Header Files</Filter>
    </ClInclude>
    <ClInclude Include="..\time_util.h">
      <Filter>Header Files</Filter>
    </ClInclude>
    <ClInclude Include="..\win_header.h">
      <Filter>Header Files</Filter>
    </ClInclude>
    <ClInclude Include="..\c_function.h">
      <Filter>Header Files</Filter>
    </ClInclude>
    <ClInclude Include="..\utf8.h">
      <Filter>Header Files</Filter>
    </ClInclude>
  </ItemGroup>
</Project>